
Microsoft Visual Studio Solution File, Format Version 12.00
# Visual Studio 15
VisualStudioVersion = 15.0.28010.2003
MinimumVisualStudioVersion = 10.0.40219.1
Project("{FAE04EC0-301F-11D3-BF4B-00C04F79EFBC}") = "bbc.Android", "bbc\bbc.Android\bbc.Android.csproj", "{791E7A1E-7747-45BE-8559-9AE50D8D32F9}"
EndProject
Project("{FAE04EC0-301F-11D3-BF4B-00C04F79EFBC}") = "bbc.iOS", "bbc\bbc.iOS\bbc.iOS.csproj", "{DEE5F6F8-9FB5-4BE8-9D70-B75085959859}"
EndProject
Project("{FAE04EC0-301F-11D3-BF4B-00C04F79EFBC}") = "bbc.UWP", "bbc\bbc.UWP\bbc.UWP.csproj", "{87D22CA3-37B9-4B1D-AAFC-7855741ECF47}"
EndProject
Project("{9A19103F-16F7-4668-BE54-9A1E7A4F7556}") = "bbc", "bbc\bbc\bbc.csproj", "{2FC084C1-3936-4527-982A-E72719E86FDF}"
EndProject
Project("{9A19103F-16F7-4668-BE54-9A1E7A4F7556}") = "bbc.Data", "bbc.Data\bbc.Data.csproj", "{728094E2-0D15-487E-BD73-CD1EFAA39B00}"
EndProject
Project("{FAE04EC0-301F-11D3-BF4B-00C04F79EFBC}") = "bbc.Test", "bbc.Test\bbc.Test.csproj", "{ED010088-D30D-4039-9BEA-7751803A0E1D}"
EndProject
Project("{9A19103F-16F7-4668-BE54-9A1E7A4F7556}") = "AppConfig", "AppConfig\AppConfig.csproj", "{9A8D749C-39A3-4C7D-946D-56C0E909A0C6}"
EndProject
Global
	GlobalSection(SolutionConfigurationPlatforms) = preSolution
		Ad-Hoc|Any CPU = Ad-Hoc|Any CPU
		Ad-Hoc|ARM = Ad-Hoc|ARM
		Ad-Hoc|iPhone = Ad-Hoc|iPhone
		Ad-Hoc|iPhoneSimulator = Ad-Hoc|iPhoneSimulator
		Ad-Hoc|x64 = Ad-Hoc|x64
		Ad-Hoc|x86 = Ad-Hoc|x86
		AppStore|Any CPU = AppStore|Any CPU
		AppStore|ARM = AppStore|ARM
		AppStore|iPhone = AppStore|iPhone
		AppStore|iPhoneSimulator = AppStore|iPhoneSimulator
		AppStore|x64 = AppStore|x64
		AppStore|x86 = AppStore|x86
		Debug|Any CPU = Debug|Any CPU
		Debug|ARM = Debug|ARM
		Debug|iPhone = Debug|iPhone
		Debug|iPhoneSimulator = Debug|iPhoneSimulator
		Debug|x64 = Debug|x64
		Debug|x86 = Debug|x86
		Release|Any CPU = Release|Any CPU
		Release|ARM = Release|ARM
		Release|iPhone = Release|iPhone
		Release|iPhoneSimulator = Release|iPhoneSimulator
		Release|x64 = Release|x64
		Release|x86 = Release|x86
	EndGlobalSection
	GlobalSection(ProjectConfigurationPlatforms) = postSolution
		{791E7A1E-7747-45BE-8559-9AE50D8D32F9}.Ad-Hoc|Any CPU.ActiveCfg = Release|Any CPU
		{791E7A1E-7747-45BE-8559-9AE50D8D32F9}.Ad-Hoc|Any CPU.Build.0 = Release|Any CPU
		{791E7A1E-7747-45BE-8559-9AE50D8D32F9}.Ad-Hoc|Any CPU.Deploy.0 = Release|Any CPU
		{791E7A1E-7747-45BE-8559-9AE50D8D32F9}.Ad-Hoc|ARM.ActiveCfg = Release|Any CPU
		{791E7A1E-7747-45BE-8559-9AE50D8D32F9}.Ad-Hoc|ARM.Build.0 = Release|Any CPU
		{791E7A1E-7747-45BE-8559-9AE50D8D32F9}.Ad-Hoc|ARM.Deploy.0 = Release|Any CPU
		{791E7A1E-7747-45BE-8559-9AE50D8D32F9}.Ad-Hoc|iPhone.ActiveCfg = Release|Any CPU
		{791E7A1E-7747-45BE-8559-9AE50D8D32F9}.Ad-Hoc|iPhone.Build.0 = Release|Any CPU
		{791E7A1E-7747-45BE-8559-9AE50D8D32F9}.Ad-Hoc|iPhone.Deploy.0 = Release|Any CPU
		{791E7A1E-7747-45BE-8559-9AE50D8D32F9}.Ad-Hoc|iPhoneSimulator.ActiveCfg = Release|Any CPU
		{791E7A1E-7747-45BE-8559-9AE50D8D32F9}.Ad-Hoc|iPhoneSimulator.Build.0 = Release|Any CPU
		{791E7A1E-7747-45BE-8559-9AE50D8D32F9}.Ad-Hoc|iPhoneSimulator.Deploy.0 = Release|Any CPU
		{791E7A1E-7747-45BE-8559-9AE50D8D32F9}.Ad-Hoc|x64.ActiveCfg = Release|Any CPU
		{791E7A1E-7747-45BE-8559-9AE50D8D32F9}.Ad-Hoc|x64.Build.0 = Release|Any CPU
		{791E7A1E-7747-45BE-8559-9AE50D8D32F9}.Ad-Hoc|x64.Deploy.0 = Release|Any CPU
		{791E7A1E-7747-45BE-8559-9AE50D8D32F9}.Ad-Hoc|x86.ActiveCfg = Release|Any CPU
		{791E7A1E-7747-45BE-8559-9AE50D8D32F9}.Ad-Hoc|x86.Build.0 = Release|Any CPU
		{791E7A1E-7747-45BE-8559-9AE50D8D32F9}.Ad-Hoc|x86.Deploy.0 = Release|Any CPU
		{791E7A1E-7747-45BE-8559-9AE50D8D32F9}.AppStore|Any CPU.ActiveCfg = Release|Any CPU
		{791E7A1E-7747-45BE-8559-9AE50D8D32F9}.AppStore|Any CPU.Build.0 = Release|Any CPU
		{791E7A1E-7747-45BE-8559-9AE50D8D32F9}.AppStore|Any CPU.Deploy.0 = Release|Any CPU
		{791E7A1E-7747-45BE-8559-9AE50D8D32F9}.AppStore|ARM.ActiveCfg = Release|Any CPU
		{791E7A1E-7747-45BE-8559-9AE50D8D32F9}.AppStore|ARM.Build.0 = Release|Any CPU
		{791E7A1E-7747-45BE-8559-9AE50D8D32F9}.AppStore|ARM.Deploy.0 = Release|Any CPU
		{791E7A1E-7747-45BE-8559-9AE50D8D32F9}.AppStore|iPhone.ActiveCfg = Release|Any CPU
		{791E7A1E-7747-45BE-8559-9AE50D8D32F9}.AppStore|iPhone.Build.0 = Release|Any CPU
		{791E7A1E-7747-45BE-8559-9AE50D8D32F9}.AppStore|iPhone.Deploy.0 = Release|Any CPU
		{791E7A1E-7747-45BE-8559-9AE50D8D32F9}.AppStore|iPhoneSimulator.ActiveCfg = Release|Any CPU
		{791E7A1E-7747-45BE-8559-9AE50D8D32F9}.AppStore|iPhoneSimulator.Build.0 = Release|Any CPU
		{791E7A1E-7747-45BE-8559-9AE50D8D32F9}.AppStore|iPhoneSimulator.Deploy.0 = Release|Any CPU
		{791E7A1E-7747-45BE-8559-9AE50D8D32F9}.AppStore|x64.ActiveCfg = Release|Any CPU
		{791E7A1E-7747-45BE-8559-9AE50D8D32F9}.AppStore|x64.Build.0 = Release|Any CPU
		{791E7A1E-7747-45BE-8559-9AE50D8D32F9}.AppStore|x64.Deploy.0 = Release|Any CPU
		{791E7A1E-7747-45BE-8559-9AE50D8D32F9}.AppStore|x86.ActiveCfg = Release|Any CPU
		{791E7A1E-7747-45BE-8559-9AE50D8D32F9}.AppStore|x86.Build.0 = Release|Any CPU
		{791E7A1E-7747-45BE-8559-9AE50D8D32F9}.AppStore|x86.Deploy.0 = Release|Any CPU
		{791E7A1E-7747-45BE-8559-9AE50D8D32F9}.Debug|Any CPU.ActiveCfg = Debug|Any CPU
		{791E7A1E-7747-45BE-8559-9AE50D8D32F9}.Debug|Any CPU.Build.0 = Debug|Any CPU
		{791E7A1E-7747-45BE-8559-9AE50D8D32F9}.Debug|Any CPU.Deploy.0 = Debug|Any CPU
		{791E7A1E-7747-45BE-8559-9AE50D8D32F9}.Debug|ARM.ActiveCfg = Debug|Any CPU
		{791E7A1E-7747-45BE-8559-9AE50D8D32F9}.Debug|ARM.Build.0 = Debug|Any CPU
		{791E7A1E-7747-45BE-8559-9AE50D8D32F9}.Debug|ARM.Deploy.0 = Debug|Any CPU
		{791E7A1E-7747-45BE-8559-9AE50D8D32F9}.Debug|iPhone.ActiveCfg = Debug|Any CPU
		{791E7A1E-7747-45BE-8559-9AE50D8D32F9}.Debug|iPhone.Build.0 = Debug|Any CPU
		{791E7A1E-7747-45BE-8559-9AE50D8D32F9}.Debug|iPhone.Deploy.0 = Debug|Any CPU
		{791E7A1E-7747-45BE-8559-9AE50D8D32F9}.Debug|iPhoneSimulator.ActiveCfg = Debug|Any CPU
		{791E7A1E-7747-45BE-8559-9AE50D8D32F9}.Debug|iPhoneSimulator.Build.0 = Debug|Any CPU
		{791E7A1E-7747-45BE-8559-9AE50D8D32F9}.Debug|iPhoneSimulator.Deploy.0 = Debug|Any CPU
		{791E7A1E-7747-45BE-8559-9AE50D8D32F9}.Debug|x64.ActiveCfg = Debug|Any CPU
		{791E7A1E-7747-45BE-8559-9AE50D8D32F9}.Debug|x64.Build.0 = Debug|Any CPU
		{791E7A1E-7747-45BE-8559-9AE50D8D32F9}.Debug|x64.Deploy.0 = Debug|Any CPU
		{791E7A1E-7747-45BE-8559-9AE50D8D32F9}.Debug|x86.ActiveCfg = Debug|Any CPU
		{791E7A1E-7747-45BE-8559-9AE50D8D32F9}.Debug|x86.Build.0 = Debug|Any CPU
		{791E7A1E-7747-45BE-8559-9AE50D8D32F9}.Debug|x86.Deploy.0 = Debug|Any CPU
		{791E7A1E-7747-45BE-8559-9AE50D8D32F9}.Release|Any CPU.ActiveCfg = Release|Any CPU
		{791E7A1E-7747-45BE-8559-9AE50D8D32F9}.Release|Any CPU.Build.0 = Release|Any CPU
		{791E7A1E-7747-45BE-8559-9AE50D8D32F9}.Release|Any CPU.Deploy.0 = Release|Any CPU
		{791E7A1E-7747-45BE-8559-9AE50D8D32F9}.Release|ARM.ActiveCfg = Release|Any CPU
		{791E7A1E-7747-45BE-8559-9AE50D8D32F9}.Release|ARM.Build.0 = Release|Any CPU
		{791E7A1E-7747-45BE-8559-9AE50D8D32F9}.Release|ARM.Deploy.0 = Release|Any CPU
		{791E7A1E-7747-45BE-8559-9AE50D8D32F9}.Release|iPhone.ActiveCfg = Release|Any CPU
		{791E7A1E-7747-45BE-8559-9AE50D8D32F9}.Release|iPhone.Build.0 = Release|Any CPU
		{791E7A1E-7747-45BE-8559-9AE50D8D32F9}.Release|iPhone.Deploy.0 = Release|Any CPU
		{791E7A1E-7747-45BE-8559-9AE50D8D32F9}.Release|iPhoneSimulator.ActiveCfg = Release|Any CPU
		{791E7A1E-7747-45BE-8559-9AE50D8D32F9}.Release|iPhoneSimulator.Build.0 = Release|Any CPU
		{791E7A1E-7747-45BE-8559-9AE50D8D32F9}.Release|iPhoneSimulator.Deploy.0 = Release|Any CPU
		{791E7A1E-7747-45BE-8559-9AE50D8D32F9}.Release|x64.ActiveCfg = Release|Any CPU
		{791E7A1E-7747-45BE-8559-9AE50D8D32F9}.Release|x64.Build.0 = Release|Any CPU
		{791E7A1E-7747-45BE-8559-9AE50D8D32F9}.Release|x64.Deploy.0 = Release|Any CPU
		{791E7A1E-7747-45BE-8559-9AE50D8D32F9}.Release|x86.ActiveCfg = Release|Any CPU
		{791E7A1E-7747-45BE-8559-9AE50D8D32F9}.Release|x86.Build.0 = Release|Any CPU
		{791E7A1E-7747-45BE-8559-9AE50D8D32F9}.Release|x86.Deploy.0 = Release|Any CPU
		{DEE5F6F8-9FB5-4BE8-9D70-B75085959859}.Ad-Hoc|Any CPU.ActiveCfg = Ad-Hoc|iPhone
		{DEE5F6F8-9FB5-4BE8-9D70-B75085959859}.Ad-Hoc|Any CPU.Build.0 = Ad-Hoc|iPhone
		{DEE5F6F8-9FB5-4BE8-9D70-B75085959859}.Ad-Hoc|Any CPU.Deploy.0 = Ad-Hoc|iPhone
		{DEE5F6F8-9FB5-4BE8-9D70-B75085959859}.Ad-Hoc|ARM.ActiveCfg = Ad-Hoc|iPhone
		{DEE5F6F8-9FB5-4BE8-9D70-B75085959859}.Ad-Hoc|ARM.Build.0 = Ad-Hoc|iPhone
		{DEE5F6F8-9FB5-4BE8-9D70-B75085959859}.Ad-Hoc|ARM.Deploy.0 = Ad-Hoc|iPhone
		{DEE5F6F8-9FB5-4BE8-9D70-B75085959859}.Ad-Hoc|iPhone.ActiveCfg = Ad-Hoc|iPhone
		{DEE5F6F8-9FB5-4BE8-9D70-B75085959859}.Ad-Hoc|iPhone.Build.0 = Ad-Hoc|iPhone
		{DEE5F6F8-9FB5-4BE8-9D70-B75085959859}.Ad-Hoc|iPhone.Deploy.0 = Ad-Hoc|iPhone
		{DEE5F6F8-9FB5-4BE8-9D70-B75085959859}.Ad-Hoc|iPhoneSimulator.ActiveCfg = Ad-Hoc|iPhoneSimulator
		{DEE5F6F8-9FB5-4BE8-9D70-B75085959859}.Ad-Hoc|iPhoneSimulator.Build.0 = Ad-Hoc|iPhoneSimulator
		{DEE5F6F8-9FB5-4BE8-9D70-B75085959859}.Ad-Hoc|iPhoneSimulator.Deploy.0 = Ad-Hoc|iPhoneSimulator
		{DEE5F6F8-9FB5-4BE8-9D70-B75085959859}.Ad-Hoc|x64.ActiveCfg = Ad-Hoc|iPhone
		{DEE5F6F8-9FB5-4BE8-9D70-B75085959859}.Ad-Hoc|x64.Build.0 = Ad-Hoc|iPhone
		{DEE5F6F8-9FB5-4BE8-9D70-B75085959859}.Ad-Hoc|x64.Deploy.0 = Ad-Hoc|iPhone
		{DEE5F6F8-9FB5-4BE8-9D70-B75085959859}.Ad-Hoc|x86.ActiveCfg = Ad-Hoc|iPhone
		{DEE5F6F8-9FB5-4BE8-9D70-B75085959859}.Ad-Hoc|x86.Build.0 = Ad-Hoc|iPhone
		{DEE5F6F8-9FB5-4BE8-9D70-B75085959859}.Ad-Hoc|x86.Deploy.0 = Ad-Hoc|iPhone
		{DEE5F6F8-9FB5-4BE8-9D70-B75085959859}.AppStore|Any CPU.ActiveCfg = AppStore|iPhone
		{DEE5F6F8-9FB5-4BE8-9D70-B75085959859}.AppStore|Any CPU.Build.0 = AppStore|iPhone
		{DEE5F6F8-9FB5-4BE8-9D70-B75085959859}.AppStore|Any CPU.Deploy.0 = AppStore|iPhone
		{DEE5F6F8-9FB5-4BE8-9D70-B75085959859}.AppStore|ARM.ActiveCfg = AppStore|iPhone
		{DEE5F6F8-9FB5-4BE8-9D70-B75085959859}.AppStore|ARM.Build.0 = AppStore|iPhone
		{DEE5F6F8-9FB5-4BE8-9D70-B75085959859}.AppStore|ARM.Deploy.0 = AppStore|iPhone
		{DEE5F6F8-9FB5-4BE8-9D70-B75085959859}.AppStore|iPhone.ActiveCfg = AppStore|iPhone
		{DEE5F6F8-9FB5-4BE8-9D70-B75085959859}.AppStore|iPhone.Build.0 = AppStore|iPhone
		{DEE5F6F8-9FB5-4BE8-9D70-B75085959859}.AppStore|iPhone.Deploy.0 = AppStore|iPhone
		{DEE5F6F8-9FB5-4BE8-9D70-B75085959859}.AppStore|iPhoneSimulator.ActiveCfg = AppStore|iPhoneSimulator
		{DEE5F6F8-9FB5-4BE8-9D70-B75085959859}.AppStore|iPhoneSimulator.Build.0 = AppStore|iPhoneSimulator
		{DEE5F6F8-9FB5-4BE8-9D70-B75085959859}.AppStore|iPhoneSimulator.Deploy.0 = AppStore|iPhoneSimulator
		{DEE5F6F8-9FB5-4BE8-9D70-B75085959859}.AppStore|x64.ActiveCfg = AppStore|iPhone
		{DEE5F6F8-9FB5-4BE8-9D70-B75085959859}.AppStore|x64.Build.0 = AppStore|iPhone
		{DEE5F6F8-9FB5-4BE8-9D70-B75085959859}.AppStore|x64.Deploy.0 = AppStore|iPhone
		{DEE5F6F8-9FB5-4BE8-9D70-B75085959859}.AppStore|x86.ActiveCfg = AppStore|iPhone
		{DEE5F6F8-9FB5-4BE8-9D70-B75085959859}.AppStore|x86.Build.0 = AppStore|iPhone
		{DEE5F6F8-9FB5-4BE8-9D70-B75085959859}.AppStore|x86.Deploy.0 = AppStore|iPhone
		{DEE5F6F8-9FB5-4BE8-9D70-B75085959859}.Debug|Any CPU.ActiveCfg = Debug|iPhoneSimulator
		{DEE5F6F8-9FB5-4BE8-9D70-B75085959859}.Debug|Any CPU.Build.0 = Debug|iPhoneSimulator
		{DEE5F6F8-9FB5-4BE8-9D70-B75085959859}.Debug|Any CPU.Deploy.0 = Debug|iPhoneSimulator
		{DEE5F6F8-9FB5-4BE8-9D70-B75085959859}.Debug|ARM.ActiveCfg = Debug|iPhone
		{DEE5F6F8-9FB5-4BE8-9D70-B75085959859}.Debug|ARM.Build.0 = Debug|iPhone
		{DEE5F6F8-9FB5-4BE8-9D70-B75085959859}.Debug|ARM.Deploy.0 = Debug|iPhone
		{DEE5F6F8-9FB5-4BE8-9D70-B75085959859}.Debug|iPhone.ActiveCfg = Debug|iPhone
		{DEE5F6F8-9FB5-4BE8-9D70-B75085959859}.Debug|iPhone.Build.0 = Debug|iPhone
		{DEE5F6F8-9FB5-4BE8-9D70-B75085959859}.Debug|iPhone.Deploy.0 = Debug|iPhone
		{DEE5F6F8-9FB5-4BE8-9D70-B75085959859}.Debug|iPhoneSimulator.ActiveCfg = Debug|iPhoneSimulator
		{DEE5F6F8-9FB5-4BE8-9D70-B75085959859}.Debug|iPhoneSimulator.Build.0 = Debug|iPhoneSimulator
		{DEE5F6F8-9FB5-4BE8-9D70-B75085959859}.Debug|iPhoneSimulator.Deploy.0 = Debug|iPhoneSimulator
		{DEE5F6F8-9FB5-4BE8-9D70-B75085959859}.Debug|x64.ActiveCfg = Debug|iPhone
		{DEE5F6F8-9FB5-4BE8-9D70-B75085959859}.Debug|x64.Build.0 = Debug|iPhone
		{DEE5F6F8-9FB5-4BE8-9D70-B75085959859}.Debug|x64.Deploy.0 = Debug|iPhone
		{DEE5F6F8-9FB5-4BE8-9D70-B75085959859}.Debug|x86.ActiveCfg = Debug|iPhone
		{DEE5F6F8-9FB5-4BE8-9D70-B75085959859}.Debug|x86.Build.0 = Debug|iPhone
		{DEE5F6F8-9FB5-4BE8-9D70-B75085959859}.Debug|x86.Deploy.0 = Debug|iPhone
		{DEE5F6F8-9FB5-4BE8-9D70-B75085959859}.Release|Any CPU.ActiveCfg = Release|iPhone
		{DEE5F6F8-9FB5-4BE8-9D70-B75085959859}.Release|Any CPU.Build.0 = Release|iPhone
		{DEE5F6F8-9FB5-4BE8-9D70-B75085959859}.Release|Any CPU.Deploy.0 = Release|iPhone
		{DEE5F6F8-9FB5-4BE8-9D70-B75085959859}.Release|ARM.ActiveCfg = Release|iPhone
		{DEE5F6F8-9FB5-4BE8-9D70-B75085959859}.Release|ARM.Build.0 = Release|iPhone
		{DEE5F6F8-9FB5-4BE8-9D70-B75085959859}.Release|ARM.Deploy.0 = Release|iPhone
		{DEE5F6F8-9FB5-4BE8-9D70-B75085959859}.Release|iPhone.ActiveCfg = Release|iPhone
		{DEE5F6F8-9FB5-4BE8-9D70-B75085959859}.Release|iPhone.Build.0 = Release|iPhone
		{DEE5F6F8-9FB5-4BE8-9D70-B75085959859}.Release|iPhone.Deploy.0 = Release|iPhone
		{DEE5F6F8-9FB5-4BE8-9D70-B75085959859}.Release|iPhoneSimulator.ActiveCfg = Release|iPhoneSimulator
		{DEE5F6F8-9FB5-4BE8-9D70-B75085959859}.Release|iPhoneSimulator.Build.0 = Release|iPhoneSimulator
		{DEE5F6F8-9FB5-4BE8-9D70-B75085959859}.Release|iPhoneSimulator.Deploy.0 = Release|iPhoneSimulator
		{DEE5F6F8-9FB5-4BE8-9D70-B75085959859}.Release|x64.ActiveCfg = Release|iPhone
		{DEE5F6F8-9FB5-4BE8-9D70-B75085959859}.Release|x64.Build.0 = Release|iPhone
		{DEE5F6F8-9FB5-4BE8-9D70-B75085959859}.Release|x64.Deploy.0 = Release|iPhone
		{DEE5F6F8-9FB5-4BE8-9D70-B75085959859}.Release|x86.ActiveCfg = Release|iPhone
		{DEE5F6F8-9FB5-4BE8-9D70-B75085959859}.Release|x86.Build.0 = Release|iPhone
		{DEE5F6F8-9FB5-4BE8-9D70-B75085959859}.Release|x86.Deploy.0 = Release|iPhone
		{87D22CA3-37B9-4B1D-AAFC-7855741ECF47}.Ad-Hoc|Any CPU.ActiveCfg = Release|x86
		{87D22CA3-37B9-4B1D-AAFC-7855741ECF47}.Ad-Hoc|Any CPU.Build.0 = Release|x86
		{87D22CA3-37B9-4B1D-AAFC-7855741ECF47}.Ad-Hoc|Any CPU.Deploy.0 = Release|x86
		{87D22CA3-37B9-4B1D-AAFC-7855741ECF47}.Ad-Hoc|ARM.ActiveCfg = Release|ARM
		{87D22CA3-37B9-4B1D-AAFC-7855741ECF47}.Ad-Hoc|ARM.Build.0 = Release|ARM
		{87D22CA3-37B9-4B1D-AAFC-7855741ECF47}.Ad-Hoc|ARM.Deploy.0 = Release|ARM
		{87D22CA3-37B9-4B1D-AAFC-7855741ECF47}.Ad-Hoc|iPhone.ActiveCfg = Release|x86
		{87D22CA3-37B9-4B1D-AAFC-7855741ECF47}.Ad-Hoc|iPhone.Build.0 = Release|x86
		{87D22CA3-37B9-4B1D-AAFC-7855741ECF47}.Ad-Hoc|iPhone.Deploy.0 = Release|x86
		{87D22CA3-37B9-4B1D-AAFC-7855741ECF47}.Ad-Hoc|iPhoneSimulator.ActiveCfg = Release|x86
		{87D22CA3-37B9-4B1D-AAFC-7855741ECF47}.Ad-Hoc|iPhoneSimulator.Build.0 = Release|x86
		{87D22CA3-37B9-4B1D-AAFC-7855741ECF47}.Ad-Hoc|iPhoneSimulator.Deploy.0 = Release|x86
		{87D22CA3-37B9-4B1D-AAFC-7855741ECF47}.Ad-Hoc|x64.ActiveCfg = Release|x64
		{87D22CA3-37B9-4B1D-AAFC-7855741ECF47}.Ad-Hoc|x64.Build.0 = Release|x64
		{87D22CA3-37B9-4B1D-AAFC-7855741ECF47}.Ad-Hoc|x64.Deploy.0 = Release|x64
		{87D22CA3-37B9-4B1D-AAFC-7855741ECF47}.Ad-Hoc|x86.ActiveCfg = Release|x86
		{87D22CA3-37B9-4B1D-AAFC-7855741ECF47}.Ad-Hoc|x86.Build.0 = Release|x86
		{87D22CA3-37B9-4B1D-AAFC-7855741ECF47}.Ad-Hoc|x86.Deploy.0 = Release|x86
		{87D22CA3-37B9-4B1D-AAFC-7855741ECF47}.AppStore|Any CPU.ActiveCfg = Release|x86
		{87D22CA3-37B9-4B1D-AAFC-7855741ECF47}.AppStore|Any CPU.Build.0 = Release|x86
		{87D22CA3-37B9-4B1D-AAFC-7855741ECF47}.AppStore|Any CPU.Deploy.0 = Release|x86
		{87D22CA3-37B9-4B1D-AAFC-7855741ECF47}.AppStore|ARM.ActiveCfg = Release|ARM
		{87D22CA3-37B9-4B1D-AAFC-7855741ECF47}.AppStore|ARM.Build.0 = Release|ARM
		{87D22CA3-37B9-4B1D-AAFC-7855741ECF47}.AppStore|ARM.Deploy.0 = Release|ARM
		{87D22CA3-37B9-4B1D-AAFC-7855741ECF47}.AppStore|iPhone.ActiveCfg = Release|x86
		{87D22CA3-37B9-4B1D-AAFC-7855741ECF47}.AppStore|iPhone.Build.0 = Release|x86
		{87D22CA3-37B9-4B1D-AAFC-7855741ECF47}.AppStore|iPhone.Deploy.0 = Release|x86
		{87D22CA3-37B9-4B1D-AAFC-7855741ECF47}.AppStore|iPhoneSimulator.ActiveCfg = Release|x86
		{87D22CA3-37B9-4B1D-AAFC-7855741ECF47}.AppStore|iPhoneSimulator.Build.0 = Release|x86
		{87D22CA3-37B9-4B1D-AAFC-7855741ECF47}.AppStore|iPhoneSimulator.Deploy.0 = Release|x86
		{87D22CA3-37B9-4B1D-AAFC-7855741ECF47}.AppStore|x64.ActiveCfg = Release|x64
		{87D22CA3-37B9-4B1D-AAFC-7855741ECF47}.AppStore|x64.Build.0 = Release|x64
		{87D22CA3-37B9-4B1D-AAFC-7855741ECF47}.AppStore|x64.Deploy.0 = Release|x64
		{87D22CA3-37B9-4B1D-AAFC-7855741ECF47}.AppStore|x86.ActiveCfg = Release|x86
		{87D22CA3-37B9-4B1D-AAFC-7855741ECF47}.AppStore|x86.Build.0 = Release|x86
		{87D22CA3-37B9-4B1D-AAFC-7855741ECF47}.AppStore|x86.Deploy.0 = Release|x86
		{87D22CA3-37B9-4B1D-AAFC-7855741ECF47}.Debug|Any CPU.ActiveCfg = Debug|x86
		{87D22CA3-37B9-4B1D-AAFC-7855741ECF47}.Debug|Any CPU.Build.0 = Debug|x86
		{87D22CA3-37B9-4B1D-AAFC-7855741ECF47}.Debug|Any CPU.Deploy.0 = Debug|x86
		{87D22CA3-37B9-4B1D-AAFC-7855741ECF47}.Debug|ARM.ActiveCfg = Debug|ARM
		{87D22CA3-37B9-4B1D-AAFC-7855741ECF47}.Debug|ARM.Build.0 = Debug|ARM
		{87D22CA3-37B9-4B1D-AAFC-7855741ECF47}.Debug|ARM.Deploy.0 = Debug|ARM
		{87D22CA3-37B9-4B1D-AAFC-7855741ECF47}.Debug|iPhone.ActiveCfg = Debug|x86
		{87D22CA3-37B9-4B1D-AAFC-7855741ECF47}.Debug|iPhone.Build.0 = Debug|x86
		{87D22CA3-37B9-4B1D-AAFC-7855741ECF47}.Debug|iPhone.Deploy.0 = Debug|x86
		{87D22CA3-37B9-4B1D-AAFC-7855741ECF47}.Debug|iPhoneSimulator.ActiveCfg = Debug|x86
		{87D22CA3-37B9-4B1D-AAFC-7855741ECF47}.Debug|iPhoneSimulator.Build.0 = Debug|x86
		{87D22CA3-37B9-4B1D-AAFC-7855741ECF47}.Debug|iPhoneSimulator.Deploy.0 = Debug|x86
		{87D22CA3-37B9-4B1D-AAFC-7855741ECF47}.Debug|x64.ActiveCfg = Debug|x64
		{87D22CA3-37B9-4B1D-AAFC-7855741ECF47}.Debug|x64.Build.0 = Debug|x64
		{87D22CA3-37B9-4B1D-AAFC-7855741ECF47}.Debug|x64.Deploy.0 = Debug|x64
		{87D22CA3-37B9-4B1D-AAFC-7855741ECF47}.Debug|x86.ActiveCfg = Debug|x86
		{87D22CA3-37B9-4B1D-AAFC-7855741ECF47}.Debug|x86.Build.0 = Debug|x86
		{87D22CA3-37B9-4B1D-AAFC-7855741ECF47}.Debug|x86.Deploy.0 = Debug|x86
		{87D22CA3-37B9-4B1D-AAFC-7855741ECF47}.Release|Any CPU.ActiveCfg = Release|x86
		{87D22CA3-37B9-4B1D-AAFC-7855741ECF47}.Release|Any CPU.Build.0 = Release|x86
		{87D22CA3-37B9-4B1D-AAFC-7855741ECF47}.Release|Any CPU.Deploy.0 = Release|x86
		{87D22CA3-37B9-4B1D-AAFC-7855741ECF47}.Release|ARM.ActiveCfg = Release|ARM
		{87D22CA3-37B9-4B1D-AAFC-7855741ECF47}.Release|ARM.Build.0 = Release|ARM
		{87D22CA3-37B9-4B1D-AAFC-7855741ECF47}.Release|ARM.Deploy.0 = Release|ARM
		{87D22CA3-37B9-4B1D-AAFC-7855741ECF47}.Release|iPhone.ActiveCfg = Release|x86
		{87D22CA3-37B9-4B1D-AAFC-7855741ECF47}.Release|iPhone.Build.0 = Release|x86
		{87D22CA3-37B9-4B1D-AAFC-7855741ECF47}.Release|iPhone.Deploy.0 = Release|x86
		{87D22CA3-37B9-4B1D-AAFC-7855741ECF47}.Release|iPhoneSimulator.ActiveCfg = Release|x86
		{87D22CA3-37B9-4B1D-AAFC-7855741ECF47}.Release|iPhoneSimulator.Build.0 = Release|x86
		{87D22CA3-37B9-4B1D-AAFC-7855741ECF47}.Release|iPhoneSimulator.Deploy.0 = Release|x86
		{87D22CA3-37B9-4B1D-AAFC-7855741ECF47}.Release|x64.ActiveCfg = Release|x64
		{87D22CA3-37B9-4B1D-AAFC-7855741ECF47}.Release|x64.Build.0 = Release|x64
		{87D22CA3-37B9-4B1D-AAFC-7855741ECF47}.Release|x64.Deploy.0 = Release|x64
		{87D22CA3-37B9-4B1D-AAFC-7855741ECF47}.Release|x86.ActiveCfg = Release|x86
		{87D22CA3-37B9-4B1D-AAFC-7855741ECF47}.Release|x86.Build.0 = Release|x86
		{87D22CA3-37B9-4B1D-AAFC-7855741ECF47}.Release|x86.Deploy.0 = Release|x86
		{2FC084C1-3936-4527-982A-E72719E86FDF}.Ad-Hoc|Any CPU.ActiveCfg = Debug|Any CPU
		{2FC084C1-3936-4527-982A-E72719E86FDF}.Ad-Hoc|Any CPU.Build.0 = Debug|Any CPU
		{2FC084C1-3936-4527-982A-E72719E86FDF}.Ad-Hoc|Any CPU.Deploy.0 = Debug|Any CPU
		{2FC084C1-3936-4527-982A-E72719E86FDF}.Ad-Hoc|ARM.ActiveCfg = Debug|Any CPU
		{2FC084C1-3936-4527-982A-E72719E86FDF}.Ad-Hoc|ARM.Build.0 = Debug|Any CPU
		{2FC084C1-3936-4527-982A-E72719E86FDF}.Ad-Hoc|ARM.Deploy.0 = Debug|Any CPU
		{2FC084C1-3936-4527-982A-E72719E86FDF}.Ad-Hoc|iPhone.ActiveCfg = Debug|Any CPU
		{2FC084C1-3936-4527-982A-E72719E86FDF}.Ad-Hoc|iPhone.Build.0 = Debug|Any CPU
		{2FC084C1-3936-4527-982A-E72719E86FDF}.Ad-Hoc|iPhone.Deploy.0 = Debug|Any CPU
		{2FC084C1-3936-4527-982A-E72719E86FDF}.Ad-Hoc|iPhoneSimulator.ActiveCfg = Debug|Any CPU
		{2FC084C1-3936-4527-982A-E72719E86FDF}.Ad-Hoc|iPhoneSimulator.Build.0 = Debug|Any CPU
		{2FC084C1-3936-4527-982A-E72719E86FDF}.Ad-Hoc|iPhoneSimulator.Deploy.0 = Debug|Any CPU
		{2FC084C1-3936-4527-982A-E72719E86FDF}.Ad-Hoc|x64.ActiveCfg = Debug|Any CPU
		{2FC084C1-3936-4527-982A-E72719E86FDF}.Ad-Hoc|x64.Build.0 = Debug|Any CPU
		{2FC084C1-3936-4527-982A-E72719E86FDF}.Ad-Hoc|x64.Deploy.0 = Debug|Any CPU
		{2FC084C1-3936-4527-982A-E72719E86FDF}.Ad-Hoc|x86.ActiveCfg = Debug|Any CPU
		{2FC084C1-3936-4527-982A-E72719E86FDF}.Ad-Hoc|x86.Build.0 = Debug|Any CPU
		{2FC084C1-3936-4527-982A-E72719E86FDF}.Ad-Hoc|x86.Deploy.0 = Debug|Any CPU
		{2FC084C1-3936-4527-982A-E72719E86FDF}.AppStore|Any CPU.ActiveCfg = Debug|Any CPU
		{2FC084C1-3936-4527-982A-E72719E86FDF}.AppStore|Any CPU.Build.0 = Debug|Any CPU
		{2FC084C1-3936-4527-982A-E72719E86FDF}.AppStore|Any CPU.Deploy.0 = Debug|Any CPU
		{2FC084C1-3936-4527-982A-E72719E86FDF}.AppStore|ARM.ActiveCfg = Debug|Any CPU
		{2FC084C1-3936-4527-982A-E72719E86FDF}.AppStore|ARM.Build.0 = Debug|Any CPU
		{2FC084C1-3936-4527-982A-E72719E86FDF}.AppStore|ARM.Deploy.0 = Debug|Any CPU
		{2FC084C1-3936-4527-982A-E72719E86FDF}.AppStore|iPhone.ActiveCfg = Debug|Any CPU
		{2FC084C1-3936-4527-982A-E72719E86FDF}.AppStore|iPhone.Build.0 = Debug|Any CPU
		{2FC084C1-3936-4527-982A-E72719E86FDF}.AppStore|iPhone.Deploy.0 = Debug|Any CPU
		{2FC084C1-3936-4527-982A-E72719E86FDF}.AppStore|iPhoneSimulator.ActiveCfg = Debug|Any CPU
		{2FC084C1-3936-4527-982A-E72719E86FDF}.AppStore|iPhoneSimulator.Build.0 = Debug|Any CPU
		{2FC084C1-3936-4527-982A-E72719E86FDF}.AppStore|iPhoneSimulator.Deploy.0 = Debug|Any CPU
		{2FC084C1-3936-4527-982A-E72719E86FDF}.AppStore|x64.ActiveCfg = Debug|Any CPU
		{2FC084C1-3936-4527-982A-E72719E86FDF}.AppStore|x64.Build.0 = Debug|Any CPU
		{2FC084C1-3936-4527-982A-E72719E86FDF}.AppStore|x64.Deploy.0 = Debug|Any CPU
		{2FC084C1-3936-4527-982A-E72719E86FDF}.AppStore|x86.ActiveCfg = Debug|Any CPU
		{2FC084C1-3936-4527-982A-E72719E86FDF}.AppStore|x86.Build.0 = Debug|Any CPU
		{2FC084C1-3936-4527-982A-E72719E86FDF}.AppStore|x86.Deploy.0 = Debug|Any CPU
		{2FC084C1-3936-4527-982A-E72719E86FDF}.Debug|Any CPU.ActiveCfg = Debug|Any CPU
		{2FC084C1-3936-4527-982A-E72719E86FDF}.Debug|Any CPU.Build.0 = Debug|Any CPU
		{2FC084C1-3936-4527-982A-E72719E86FDF}.Debug|Any CPU.Deploy.0 = Debug|Any CPU
		{2FC084C1-3936-4527-982A-E72719E86FDF}.Debug|ARM.ActiveCfg = Debug|Any CPU
		{2FC084C1-3936-4527-982A-E72719E86FDF}.Debug|ARM.Build.0 = Debug|Any CPU
		{2FC084C1-3936-4527-982A-E72719E86FDF}.Debug|ARM.Deploy.0 = Debug|Any CPU
		{2FC084C1-3936-4527-982A-E72719E86FDF}.Debug|iPhone.ActiveCfg = Debug|Any CPU
		{2FC084C1-3936-4527-982A-E72719E86FDF}.Debug|iPhone.Build.0 = Debug|Any CPU
		{2FC084C1-3936-4527-982A-E72719E86FDF}.Debug|iPhone.Deploy.0 = Debug|Any CPU
		{2FC084C1-3936-4527-982A-E72719E86FDF}.Debug|iPhoneSimulator.ActiveCfg = Debug|Any CPU
		{2FC084C1-3936-4527-982A-E72719E86FDF}.Debug|iPhoneSimulator.Build.0 = Debug|Any CPU
		{2FC084C1-3936-4527-982A-E72719E86FDF}.Debug|iPhoneSimulator.Deploy.0 = Debug|Any CPU
		{2FC084C1-3936-4527-982A-E72719E86FDF}.Debug|x64.ActiveCfg = Debug|Any CPU
		{2FC084C1-3936-4527-982A-E72719E86FDF}.Debug|x64.Build.0 = Debug|Any CPU
		{2FC084C1-3936-4527-982A-E72719E86FDF}.Debug|x64.Deploy.0 = Debug|Any CPU
		{2FC084C1-3936-4527-982A-E72719E86FDF}.Debug|x86.ActiveCfg = Debug|Any CPU
		{2FC084C1-3936-4527-982A-E72719E86FDF}.Debug|x86.Build.0 = Debug|Any CPU
		{2FC084C1-3936-4527-982A-E72719E86FDF}.Debug|x86.Deploy.0 = Debug|Any CPU
		{2FC084C1-3936-4527-982A-E72719E86FDF}.Release|Any CPU.ActiveCfg = Release|Any CPU
		{2FC084C1-3936-4527-982A-E72719E86FDF}.Release|Any CPU.Build.0 = Release|Any CPU
		{2FC084C1-3936-4527-982A-E72719E86FDF}.Release|Any CPU.Deploy.0 = Release|Any CPU
		{2FC084C1-3936-4527-982A-E72719E86FDF}.Release|ARM.ActiveCfg = Release|Any CPU
		{2FC084C1-3936-4527-982A-E72719E86FDF}.Release|ARM.Build.0 = Release|Any CPU
		{2FC084C1-3936-4527-982A-E72719E86FDF}.Release|ARM.Deploy.0 = Release|Any CPU
		{2FC084C1-3936-4527-982A-E72719E86FDF}.Release|iPhone.ActiveCfg = Release|Any CPU
		{2FC084C1-3936-4527-982A-E72719E86FDF}.Release|iPhone.Build.0 = Release|Any CPU
		{2FC084C1-3936-4527-982A-E72719E86FDF}.Release|iPhone.Deploy.0 = Release|Any CPU
		{2FC084C1-3936-4527-982A-E72719E86FDF}.Release|iPhoneSimulator.ActiveCfg = Release|Any CPU
		{2FC084C1-3936-4527-982A-E72719E86FDF}.Release|iPhoneSimulator.Build.0 = Release|Any CPU
		{2FC084C1-3936-4527-982A-E72719E86FDF}.Release|iPhoneSimulator.Deploy.0 = Release|Any CPU
		{2FC084C1-3936-4527-982A-E72719E86FDF}.Release|x64.ActiveCfg = Release|Any CPU
		{2FC084C1-3936-4527-982A-E72719E86FDF}.Release|x64.Build.0 = Release|Any CPU
		{2FC084C1-3936-4527-982A-E72719E86FDF}.Release|x64.Deploy.0 = Release|Any CPU
		{2FC084C1-3936-4527-982A-E72719E86FDF}.Release|x86.ActiveCfg = Release|Any CPU
		{2FC084C1-3936-4527-982A-E72719E86FDF}.Release|x86.Build.0 = Release|Any CPU
		{2FC084C1-3936-4527-982A-E72719E86FDF}.Release|x86.Deploy.0 = Release|Any CPU
		{728094E2-0D15-487E-BD73-CD1EFAA39B00}.Ad-Hoc|Any CPU.ActiveCfg = Debug|Any CPU
		{728094E2-0D15-487E-BD73-CD1EFAA39B00}.Ad-Hoc|Any CPU.Build.0 = Debug|Any CPU
		{728094E2-0D15-487E-BD73-CD1EFAA39B00}.Ad-Hoc|ARM.ActiveCfg = Debug|Any CPU
		{728094E2-0D15-487E-BD73-CD1EFAA39B00}.Ad-Hoc|ARM.Build.0 = Debug|Any CPU
		{728094E2-0D15-487E-BD73-CD1EFAA39B00}.Ad-Hoc|iPhone.ActiveCfg = Debug|Any CPU
		{728094E2-0D15-487E-BD73-CD1EFAA39B00}.Ad-Hoc|iPhone.Build.0 = Debug|Any CPU
		{728094E2-0D15-487E-BD73-CD1EFAA39B00}.Ad-Hoc|iPhoneSimulator.ActiveCfg = Debug|Any CPU
		{728094E2-0D15-487E-BD73-CD1EFAA39B00}.Ad-Hoc|iPhoneSimulator.Build.0 = Debug|Any CPU
		{728094E2-0D15-487E-BD73-CD1EFAA39B00}.Ad-Hoc|x64.ActiveCfg = Debug|Any CPU
		{728094E2-0D15-487E-BD73-CD1EFAA39B00}.Ad-Hoc|x64.Build.0 = Debug|Any CPU
		{728094E2-0D15-487E-BD73-CD1EFAA39B00}.Ad-Hoc|x86.ActiveCfg = Debug|Any CPU
		{728094E2-0D15-487E-BD73-CD1EFAA39B00}.Ad-Hoc|x86.Build.0 = Debug|Any CPU
		{728094E2-0D15-487E-BD73-CD1EFAA39B00}.AppStore|Any CPU.ActiveCfg = Debug|Any CPU
		{728094E2-0D15-487E-BD73-CD1EFAA39B00}.AppStore|Any CPU.Build.0 = Debug|Any CPU
		{728094E2-0D15-487E-BD73-CD1EFAA39B00}.AppStore|ARM.ActiveCfg = Debug|Any CPU
		{728094E2-0D15-487E-BD73-CD1EFAA39B00}.AppStore|ARM.Build.0 = Debug|Any CPU
		{728094E2-0D15-487E-BD73-CD1EFAA39B00}.AppStore|iPhone.ActiveCfg = Debug|Any CPU
		{728094E2-0D15-487E-BD73-CD1EFAA39B00}.AppStore|iPhone.Build.0 = Debug|Any CPU
		{728094E2-0D15-487E-BD73-CD1EFAA39B00}.AppStore|iPhoneSimulator.ActiveCfg = Debug|Any CPU
		{728094E2-0D15-487E-BD73-CD1EFAA39B00}.AppStore|iPhoneSimulator.Build.0 = Debug|Any CPU
		{728094E2-0D15-487E-BD73-CD1EFAA39B00}.AppStore|x64.ActiveCfg = Debug|Any CPU
		{728094E2-0D15-487E-BD73-CD1EFAA39B00}.AppStore|x64.Build.0 = Debug|Any CPU
		{728094E2-0D15-487E-BD73-CD1EFAA39B00}.AppStore|x86.ActiveCfg = Debug|Any CPU
		{728094E2-0D15-487E-BD73-CD1EFAA39B00}.AppStore|x86.Build.0 = Debug|Any CPU
		{728094E2-0D15-487E-BD73-CD1EFAA39B00}.Debug|Any CPU.ActiveCfg = Debug|Any CPU
		{728094E2-0D15-487E-BD73-CD1EFAA39B00}.Debug|Any CPU.Build.0 = Debug|Any CPU
		{728094E2-0D15-487E-BD73-CD1EFAA39B00}.Debug|ARM.ActiveCfg = Debug|Any CPU
		{728094E2-0D15-487E-BD73-CD1EFAA39B00}.Debug|ARM.Build.0 = Debug|Any CPU
		{728094E2-0D15-487E-BD73-CD1EFAA39B00}.Debug|iPhone.ActiveCfg = Debug|Any CPU
		{728094E2-0D15-487E-BD73-CD1EFAA39B00}.Debug|iPhone.Build.0 = Debug|Any CPU
		{728094E2-0D15-487E-BD73-CD1EFAA39B00}.Debug|iPhoneSimulator.ActiveCfg = Debug|Any CPU
		{728094E2-0D15-487E-BD73-CD1EFAA39B00}.Debug|iPhoneSimulator.Build.0 = Debug|Any CPU
		{728094E2-0D15-487E-BD73-CD1EFAA39B00}.Debug|x64.ActiveCfg = Debug|Any CPU
		{728094E2-0D15-487E-BD73-CD1EFAA39B00}.Debug|x64.Build.0 = Debug|Any CPU
		{728094E2-0D15-487E-BD73-CD1EFAA39B00}.Debug|x86.ActiveCfg = Debug|Any CPU
		{728094E2-0D15-487E-BD73-CD1EFAA39B00}.Debug|x86.Build.0 = Debug|Any CPU
		{728094E2-0D15-487E-BD73-CD1EFAA39B00}.Release|Any CPU.ActiveCfg = Release|Any CPU
		{728094E2-0D15-487E-BD73-CD1EFAA39B00}.Release|Any CPU.Build.0 = Release|Any CPU
		{728094E2-0D15-487E-BD73-CD1EFAA39B00}.Release|ARM.ActiveCfg = Release|Any CPU
		{728094E2-0D15-487E-BD73-CD1EFAA39B00}.Release|ARM.Build.0 = Release|Any CPU
		{728094E2-0D15-487E-BD73-CD1EFAA39B00}.Release|iPhone.ActiveCfg = Release|Any CPU
		{728094E2-0D15-487E-BD73-CD1EFAA39B00}.Release|iPhone.Build.0 = Release|Any CPU
		{728094E2-0D15-487E-BD73-CD1EFAA39B00}.Release|iPhoneSimulator.ActiveCfg = Release|Any CPU
		{728094E2-0D15-487E-BD73-CD1EFAA39B00}.Release|iPhoneSimulator.Build.0 = Release|Any CPU
		{728094E2-0D15-487E-BD73-CD1EFAA39B00}.Release|x64.ActiveCfg = Release|Any CPU
		{728094E2-0D15-487E-BD73-CD1EFAA39B00}.Release|x64.Build.0 = Release|Any CPU
		{728094E2-0D15-487E-BD73-CD1EFAA39B00}.Release|x86.ActiveCfg = Release|Any CPU
		{728094E2-0D15-487E-BD73-CD1EFAA39B00}.Release|x86.Build.0 = Release|Any CPU
		{ED010088-D30D-4039-9BEA-7751803A0E1D}.Ad-Hoc|Any CPU.ActiveCfg = Release|Any CPU
		{ED010088-D30D-4039-9BEA-7751803A0E1D}.Ad-Hoc|Any CPU.Build.0 = Release|Any CPU
		{ED010088-D30D-4039-9BEA-7751803A0E1D}.Ad-Hoc|ARM.ActiveCfg = Release|Any CPU
		{ED010088-D30D-4039-9BEA-7751803A0E1D}.Ad-Hoc|ARM.Build.0 = Release|Any CPU
		{ED010088-D30D-4039-9BEA-7751803A0E1D}.Ad-Hoc|iPhone.ActiveCfg = Release|Any CPU
		{ED010088-D30D-4039-9BEA-7751803A0E1D}.Ad-Hoc|iPhone.Build.0 = Release|Any CPU
		{ED010088-D30D-4039-9BEA-7751803A0E1D}.Ad-Hoc|iPhoneSimulator.ActiveCfg = Release|Any CPU
		{ED010088-D30D-4039-9BEA-7751803A0E1D}.Ad-Hoc|iPhoneSimulator.Build.0 = Release|Any CPU
		{ED010088-D30D-4039-9BEA-7751803A0E1D}.Ad-Hoc|x64.ActiveCfg = Release|Any CPU
		{ED010088-D30D-4039-9BEA-7751803A0E1D}.Ad-Hoc|x64.Build.0 = Release|Any CPU
		{ED010088-D30D-4039-9BEA-7751803A0E1D}.Ad-Hoc|x86.ActiveCfg = Release|Any CPU
		{ED010088-D30D-4039-9BEA-7751803A0E1D}.Ad-Hoc|x86.Build.0 = Release|Any CPU
		{ED010088-D30D-4039-9BEA-7751803A0E1D}.AppStore|Any CPU.ActiveCfg = Release|Any CPU
		{ED010088-D30D-4039-9BEA-7751803A0E1D}.AppStore|Any CPU.Build.0 = Release|Any CPU
		{ED010088-D30D-4039-9BEA-7751803A0E1D}.AppStore|ARM.ActiveCfg = Release|Any CPU
		{ED010088-D30D-4039-9BEA-7751803A0E1D}.AppStore|ARM.Build.0 = Release|Any CPU
		{ED010088-D30D-4039-9BEA-7751803A0E1D}.AppStore|iPhone.ActiveCfg = Release|Any CPU
		{ED010088-D30D-4039-9BEA-7751803A0E1D}.AppStore|iPhone.Build.0 = Release|Any CPU
		{ED010088-D30D-4039-9BEA-7751803A0E1D}.AppStore|iPhoneSimulator.ActiveCfg = Release|Any CPU
		{ED010088-D30D-4039-9BEA-7751803A0E1D}.AppStore|iPhoneSimulator.Build.0 = Release|Any CPU
		{ED010088-D30D-4039-9BEA-7751803A0E1D}.AppStore|x64.ActiveCfg = Release|Any CPU
		{ED010088-D30D-4039-9BEA-7751803A0E1D}.AppStore|x64.Build.0 = Release|Any CPU
		{ED010088-D30D-4039-9BEA-7751803A0E1D}.AppStore|x86.ActiveCfg = Release|Any CPU
		{ED010088-D30D-4039-9BEA-7751803A0E1D}.AppStore|x86.Build.0 = Release|Any CPU
		{ED010088-D30D-4039-9BEA-7751803A0E1D}.Debug|Any CPU.ActiveCfg = Debug|Any CPU
		{ED010088-D30D-4039-9BEA-7751803A0E1D}.Debug|Any CPU.Build.0 = Debug|Any CPU
		{ED010088-D30D-4039-9BEA-7751803A0E1D}.Debug|ARM.ActiveCfg = Debug|Any CPU
		{ED010088-D30D-4039-9BEA-7751803A0E1D}.Debug|ARM.Build.0 = Debug|Any CPU
		{ED010088-D30D-4039-9BEA-7751803A0E1D}.Debug|iPhone.ActiveCfg = Debug|Any CPU
		{ED010088-D30D-4039-9BEA-7751803A0E1D}.Debug|iPhone.Build.0 = Debug|Any CPU
		{ED010088-D30D-4039-9BEA-7751803A0E1D}.Debug|iPhoneSimulator.ActiveCfg = Debug|Any CPU
		{ED010088-D30D-4039-9BEA-7751803A0E1D}.Debug|iPhoneSimulator.Build.0 = Debug|Any CPU
		{ED010088-D30D-4039-9BEA-7751803A0E1D}.Debug|x64.ActiveCfg = Debug|Any CPU
		{ED010088-D30D-4039-9BEA-7751803A0E1D}.Debug|x64.Build.0 = Debug|Any CPU
		{ED010088-D30D-4039-9BEA-7751803A0E1D}.Debug|x86.ActiveCfg = Debug|Any CPU
		{ED010088-D30D-4039-9BEA-7751803A0E1D}.Debug|x86.Build.0 = Debug|Any CPU
		{ED010088-D30D-4039-9BEA-7751803A0E1D}.Release|Any CPU.ActiveCfg = Release|Any CPU
		{ED010088-D30D-4039-9BEA-7751803A0E1D}.Release|Any CPU.Build.0 = Release|Any CPU
		{ED010088-D30D-4039-9BEA-7751803A0E1D}.Release|ARM.ActiveCfg = Release|Any CPU
		{ED010088-D30D-4039-9BEA-7751803A0E1D}.Release|ARM.Build.0 = Release|Any CPU
		{ED010088-D30D-4039-9BEA-7751803A0E1D}.Release|iPhone.ActiveCfg = Release|Any CPU
		{ED010088-D30D-4039-9BEA-7751803A0E1D}.Release|iPhone.Build.0 = Release|Any CPU
		{ED010088-D30D-4039-9BEA-7751803A0E1D}.Release|iPhoneSimulator.ActiveCfg = Release|Any CPU
		{ED010088-D30D-4039-9BEA-7751803A0E1D}.Release|iPhoneSimulator.Build.0 = Release|Any CPU
		{ED010088-D30D-4039-9BEA-7751803A0E1D}.Release|x64.ActiveCfg = Release|Any CPU
		{ED010088-D30D-4039-9BEA-7751803A0E1D}.Release|x64.Build.0 = Release|Any CPU
		{ED010088-D30D-4039-9BEA-7751803A0E1D}.Release|x86.ActiveCfg = Release|Any CPU
		{ED010088-D30D-4039-9BEA-7751803A0E1D}.Release|x86.Build.0 = Release|Any CPU
		{9A8D749C-39A3-4C7D-946D-56C0E909A0C6}.Ad-Hoc|Any CPU.ActiveCfg = Debug|Any CPU
		{9A8D749C-39A3-4C7D-946D-56C0E909A0C6}.Ad-Hoc|Any CPU.Build.0 = Debug|Any CPU
		{9A8D749C-39A3-4C7D-946D-56C0E909A0C6}.Ad-Hoc|ARM.ActiveCfg = Debug|Any CPU
		{9A8D749C-39A3-4C7D-946D-56C0E909A0C6}.Ad-Hoc|ARM.Build.0 = Debug|Any CPU
		{9A8D749C-39A3-4C7D-946D-56C0E909A0C6}.Ad-Hoc|iPhone.ActiveCfg = Debug|Any CPU
		{9A8D749C-39A3-4C7D-946D-56C0E909A0C6}.Ad-Hoc|iPhone.Build.0 = Debug|Any CPU
		{9A8D749C-39A3-4C7D-946D-56C0E909A0C6}.Ad-Hoc|iPhoneSimulator.ActiveCfg = Debug|Any CPU
		{9A8D749C-39A3-4C7D-946D-56C0E909A0C6}.Ad-Hoc|iPhoneSimulator.Build.0 = Debug|Any CPU
		{9A8D749C-39A3-4C7D-946D-56C0E909A0C6}.Ad-Hoc|x64.ActiveCfg = Debug|Any CPU
		{9A8D749C-39A3-4C7D-946D-56C0E909A0C6}.Ad-Hoc|x64.Build.0 = Debug|Any CPU
		{9A8D749C-39A3-4C7D-946D-56C0E909A0C6}.Ad-Hoc|x86.ActiveCfg = Debug|Any CPU
		{9A8D749C-39A3-4C7D-946D-56C0E909A0C6}.Ad-Hoc|x86.Build.0 = Debug|Any CPU
		{9A8D749C-39A3-4C7D-946D-56C0E909A0C6}.AppStore|Any CPU.ActiveCfg = Debug|Any CPU
		{9A8D749C-39A3-4C7D-946D-56C0E909A0C6}.AppStore|Any CPU.Build.0 = Debug|Any CPU
		{9A8D749C-39A3-4C7D-946D-56C0E909A0C6}.AppStore|ARM.ActiveCfg = Debug|Any CPU
		{9A8D749C-39A3-4C7D-946D-56C0E909A0C6}.AppStore|ARM.Build.0 = Debug|Any CPU
		{9A8D749C-39A3-4C7D-946D-56C0E909A0C6}.AppStore|iPhone.ActiveCfg = Debug|Any CPU
		{9A8D749C-39A3-4C7D-946D-56C0E909A0C6}.AppStore|iPhone.Build.0 = Debug|Any CPU
		{9A8D749C-39A3-4C7D-946D-56C0E909A0C6}.AppStore|iPhoneSimulator.ActiveCfg = Debug|Any CPU
		{9A8D749C-39A3-4C7D-946D-56C0E909A0C6}.AppStore|iPhoneSimulator.Build.0 = Debug|Any CPU
		{9A8D749C-39A3-4C7D-946D-56C0E909A0C6}.AppStore|x64.ActiveCfg = Debug|Any CPU
		{9A8D749C-39A3-4C7D-946D-56C0E909A0C6}.AppStore|x64.Build.0 = Debug|Any CPU
		{9A8D749C-39A3-4C7D-946D-56C0E909A0C6}.AppStore|x86.ActiveCfg = Debug|Any CPU
		{9A8D749C-39A3-4C7D-946D-56C0E909A0C6}.AppStore|x86.Build.0 = Debug|Any CPU
		{9A8D749C-39A3-4C7D-946D-56C0E909A0C6}.Debug|Any CPU.ActiveCfg = Debug|Any CPU
		{9A8D749C-39A3-4C7D-946D-56C0E909A0C6}.Debug|Any CPU.Build.0 = Debug|Any CPU
		{9A8D749C-39A3-4C7D-946D-56C0E909A0C6}.Debug|ARM.ActiveCfg = Debug|Any CPU
		{9A8D749C-39A3-4C7D-946D-56C0E909A0C6}.Debug|ARM.Build.0 = Debug|Any CPU
		{9A8D749C-39A3-4C7D-946D-56C0E909A0C6}.Debug|iPhone.ActiveCfg = Debug|Any CPU
		{9A8D749C-39A3-4C7D-946D-56C0E909A0C6}.Debug|iPhone.Build.0 = Debug|Any CPU
		{9A8D749C-39A3-4C7D-946D-56C0E909A0C6}.Debug|iPhoneSimulator.ActiveCfg = Debug|Any CPU
		{9A8D749C-39A3-4C7D-946D-56C0E909A0C6}.Debug|iPhoneSimulator.Build.0 = Debug|Any CPU
		{9A8D749C-39A3-4C7D-946D-56C0E909A0C6}.Debug|x64.ActiveCfg = Debug|Any CPU
		{9A8D749C-39A3-4C7D-946D-56C0E909A0C6}.Debug|x64.Build.0 = Debug|Any CPU
		{9A8D749C-39A3-4C7D-946D-56C0E909A0C6}.Debug|x86.ActiveCfg = Debug|Any CPU
		{9A8D749C-39A3-4C7D-946D-56C0E909A0C6}.Debug|x86.Build.0 = Debug|Any CPU
		{9A8D749C-39A3-4C7D-946D-56C0E909A0C6}.Release|Any CPU.ActiveCfg = Release|Any CPU
		{9A8D749C-39A3-4C7D-946D-56C0E909A0C6}.Release|Any CPU.Build.0 = Release|Any CPU
		{9A8D749C-39A3-4C7D-946D-56C0E909A0C6}.Release|ARM.ActiveCfg = Release|Any CPU
		{9A8D749C-39A3-4C7D-946D-56C0E909A0C6}.Release|ARM.Build.0 = Release|Any CPU
		{9A8D749C-39A3-4C7D-946D-56C0E909A0C6}.Release|iPhone.ActiveCfg = Release|Any CPU
		{9A8D749C-39A3-4C7D-946D-56C0E909A0C6}.Release|iPhone.Build.0 = Release|Any CPU
		{9A8D749C-39A3-4C7D-946D-56C0E909A0C6}.Release|iPhoneSimulator.ActiveCfg = Release|Any CPU
		{9A8D749C-39A3-4C7D-946D-56C0E909A0C6}.Release|iPhoneSimulator.Build.0 = Release|Any CPU
		{9A8D749C-39A3-4C7D-946D-56C0E909A0C6}.Release|x64.ActiveCfg = Release|Any CPU
		{9A8D749C-39A3-4C7D-946D-56C0E909A0C6}.Release|x64.Build.0 = Release|Any CPU
		{9A8D749C-39A3-4C7D-946D-56C0E909A0C6}.Release|x86.ActiveCfg = Release|Any CPU
		{9A8D749C-39A3-4C7D-946D-56C0E909A0C6}.Release|x86.Build.0 = Release|Any CPU
	EndGlobalSection
	GlobalSection(SolutionProperties) = preSolution
		HideSolutionNode = FALSE
	EndGlobalSection
	GlobalSection(ExtensibilityGlobals) = postSolution
		SolutionGuid = {3E6F9F2F-C9C2-4618-BD09-587BAE26BC91}
	EndGlobalSection
EndGlobal
